
Microsoft Visual Studio Solution File, Format Version 12.00
# Visual Studio 2012
Project("{8BC9CEB8-8B4A-11D0-8D11-00A0C91BC942}") = "HelloWorld", "HelloWorld\HelloWorld.vcxproj", "{A1A25D42-DBCF-4CEA-884E-56C8B30FC37D}"
EndProject
Project("{8BC9CEB8-8B4A-11D0-8D11-00A0C91BC942}") = "EnginePart1", "EnginePart1\EnginePart1.vcxproj", "{923625D3-C7E3-4514-8B33-438E7291577E}"
EndProject
Global
	GlobalSection(SolutionConfigurationPlatforms) = preSolution
		Debug|Win32 = Debug|Win32
		Release|Win32 = Release|Win32
	EndGlobalSection
	GlobalSection(ProjectConfigurationPlatforms) = postSolution
		{A1A25D42-DBCF-4CEA-884E-56C8B30FC37D}.Debug|Win32.ActiveCfg = Debug|Win32
		{A1A25D42-DBCF-4CEA-884E-56C8B30FC37D}.Debug|Win32.Build.0 = Debug|Win32
		{A1A25D42-DBCF-4CEA-884E-56C8B30FC37D}.Release|Win32.ActiveCfg = Release|Win32
		{A1A25D42-DBCF-4CEA-884E-56C8B30FC37D}.Release|Win32.Build.0 = Release|Win32
		{923625D3-C7E3-4514-8B33-438E7291577E}.Debug|Win32.ActiveCfg = Debug|Win32
		{923625D3-C7E3-4514-8B33-438E7291577E}.Debug|Win32.Build.0 = Debug|Win32
		{923625D3-C7E3-4514-8B33-438E7291577E}.Release|Win32.ActiveCfg = Release|Win32
		{923625D3-C7E3-4514-8B33-438E7291577E}.Release|Win32.Build.0 = Release|Win32
	EndGlobalSection
	GlobalSection(SolutionProperties) = preSolution
		HideSolutionNode = FALSE
	EndGlobalSection
EndGlobal
